
Microsoft Visual Studio Solution File, Format Version 12.00
# Visual Studio 14
VisualStudioVersion = 14.0.25420.1
MinimumVisualStudioVersion = 10.0.40219.1
Project("{FAE04EC0-301F-11D3-BF4B-00C04F79EFBC}") = "SimpleButtons", "SimpleButtons\SimpleButtons.csproj", "{C8CDE516-030E-434B-9FD0-D2D0EE405D95}"
EndProject
Project("{FAE04EC0-301F-11D3-BF4B-00C04F79EFBC}") = "SimpleButtons.Tests", "SimpleButtons.Tests\SimpleButtons.Tests.csproj", "{E606E479-69A2-400E-B331-A23FB512E4AD}"
EndProject
Global
	GlobalSection(SolutionConfigurationPlatforms) = preSolution
		Debug|Any CPU = Debug|Any CPU
		Release|Any CPU = Release|Any CPU
	EndGlobalSection
	GlobalSection(ProjectConfigurationPlatforms) = postSolution
		{C8CDE516-030E-434B-9FD0-D2D0EE405D95}.Debug|Any CPU.ActiveCfg = Debug|Any CPU
		{C8CDE516-030E-434B-9FD0-D2D0EE405D95}.Debug|Any CPU.Build.0 = Debug|Any CPU
		{C8CDE516-030E-434B-9FD0-D2D0EE405D95}.Release|Any CPU.ActiveCfg = Release|Any CPU
		{C8CDE516-030E-434B-9FD0-D2D0EE405D95}.Release|Any CPU.Build.0 = Release|Any CPU
		{E606E479-69A2-400E-B331-A23FB512E4AD}.Debug|Any CPU.ActiveCfg = Debug|Any CPU
		{E606E479-69A2-400E-B331-A23FB512E4AD}.Debug|Any CPU.Build.0 = Debug|Any CPU
		{E606E479-69A2-400E-B331-A23FB512E4AD}.Release|Any CPU.ActiveCfg = Release|Any CPU
		{E606E479-69A2-400E-B331-A23FB512E4AD}.Release|Any CPU.Build.0 = Release|Any CPU
	EndGlobalSection
	GlobalSection(SolutionProperties) = preSolution
		HideSolutionNode = FALSE
	EndGlobalSection
EndGlobal
